Microsoft Visual Studio Solution File, Format Version 12.00
# Visual Studio Version 17
VisualStudioVersion = 17.5.2.0
MinimumVisualStudioVersion = 10.0.40219.1
Project("{FAE04EC0-301F-11D3-BF4B-00C04F79EFBC}") = "TutorialSamples", "TutorialSamples\TutorialSamples.csproj", "{1EB12679-4337-35D4-0ADD-78C3883B5892}"
EndProject
Project("{FAE04EC0-301F-11D3-BF4B-00C04F79EFBC}") = "TutorialSamples.Tests", "TutorialSamples.Tests\TutorialSamples.Tests.csproj", "{BBE752C3-1F73-1B83-FD16-093B29996C48}"
EndProject
Global
	GlobalSection(SolutionConfigurationPlatforms) = preSolution
		Debug|Any CPU = Debug|Any CPU
		Release|Any CPU = Release|Any CPU
	EndGlobalSection
	GlobalSection(ProjectConfigurationPlatforms) = postSolution
		{1EB12679-4337-35D4-0ADD-78C3883B5892}.Debug|Any CPU.ActiveCfg = Debug|Any CPU
		{1EB12679-4337-35D4-0ADD-78C3883B5892}.Debug|Any CPU.Build.0 = Debug|Any CPU
		{1EB12679-4337-35D4-0ADD-78C3883B5892}.Release|Any CPU.ActiveCfg = Release|Any CPU
		{1EB12679-4337-35D4-0ADD-78C3883B5892}.Release|Any CPU.Build.0 = Release|Any CPU
		{BBE752C3-1F73-1B83-FD16-093B29996C48}.Debug|Any CPU.ActiveCfg = Debug|Any CPU
		{BBE752C3-1F73-1B83-FD16-093B29996C48}.Debug|Any CPU.Build.0 = Debug|Any CPU
		{BBE752C3-1F73-1B83-FD16-093B29996C48}.Release|Any CPU.ActiveCfg = Release|Any CPU
		{BBE752C3-1F73-1B83-FD16-093B29996C48}.Release|Any CPU.Build.0 = Release|Any CPU
	EndGlobalSection
	GlobalSection(SolutionProperties) = preSolution
		HideSolutionNode = FALSE
	EndGlobalSection
	GlobalSection(ExtensibilityGlobals) = postSolution
		SolutionGuid = {E00EB5B7-3796-482C-9075-A7D48B5441E9}
	EndGlobalSection
EndGlobal
